
Microsoft Visual Studio Solution File, Format Version 11.00
# Visual Studio 2010
Project("{FAE04EC0-301F-11D3-BF4B-00C04F79EFBC}") = "Topico1-Assets", "Assembly-CSharp.csproj", "{0CECEBA6-B58E-5C9E-EB55-8EBB64C07F58}"
EndProject
Global
	GlobalSection(SolutionConfigurationPlatforms) = preSolution
		Debug|Any CPU = Debug|Any CPU
		Release|Any CPU = Release|Any CPU
	EndGlobalSection
	GlobalSection(ProjectConfigurationPlatforms) = postSolution
		{0CECEBA6-B58E-5C9E-EB55-8EBB64C07F58}.Debug|Any CPU.ActiveCfg = Debug|Any CPU
		{0CECEBA6-B58E-5C9E-EB55-8EBB64C07F58}.Debug|Any CPU.Build.0 = Debug|Any CPU
		{0CECEBA6-B58E-5C9E-EB55-8EBB64C07F58}.Release|Any CPU.ActiveCfg = Release|Any CPU
		{0CECEBA6-B58E-5C9E-EB55-8EBB64C07F58}.Release|Any CPU.Build.0 = Release|Any CPU
	EndGlobalSection
	GlobalSection(SolutionProperties) = preSolution
		HideSolutionNode = FALSE
	EndGlobalSection
	GlobalSection(MonoDevelopProperties) = preSolution
		StartupItem = Assembly-CSharp.csproj
	EndGlobalSection
EndGlobal
